
Microsoft Visual Studio Solution File, Format Version 12.00
# Visual Studio Version 16
VisualStudioVersion = 16.0.29424.173
MinimumVisualStudioVersion = 10.0.40219.1
Project("{9A19103F-16F7-4668-BE54-9A1E7A4F7556}") = "Sample.App", "Sample.App\Sample.App.csproj", "{75AAF965-31F2-4DF9-833F-93E4E424D119}"
EndProject
Project("{9A19103F-16F7-4668-BE54-9A1E7A4F7556}") = "Sample.App.BusinessServices", "Sample.App.BusinessServices\Sample.App.BusinessServices.csproj", "{088449BB-18B1-421C-A678-AEDEDB96AED1}"
EndProject
Project("{9A19103F-16F7-4668-BE54-9A1E7A4F7556}") = "Sample.App.Common", "Sample.App.Common\Sample.App.Common.csproj", "{4D34D279-C636-4B19-B615-22B243D947AB}"
EndProject
Project("{9A19103F-16F7-4668-BE54-9A1E7A4F7556}") = "Sample.App.DataAccess", "Sample.App.DataAccess\Sample.App.DataAccess.csproj", "{0709C60B-6CA8-4601-B76C-CCB56960F05A}"
EndProject
Project("{9A19103F-16F7-4668-BE54-9A1E7A4F7556}") = "Sample.App.Tests", "Sample.App.Tests\Sample.App.Tests.csproj", "{06479FAD-4BB3-45C2-8FC5-4E1CA8ED016C}"
EndProject
Global
	GlobalSection(SolutionConfigurationPlatforms) = preSolution
		Debug|Any CPU = Debug|Any CPU
		Release|Any CPU = Release|Any CPU
	EndGlobalSection
	GlobalSection(ProjectConfigurationPlatforms) = postSolution
		{75AAF965-31F2-4DF9-833F-93E4E424D119}.Debug|Any CPU.ActiveCfg = Debug|Any CPU
		{75AAF965-31F2-4DF9-833F-93E4E424D119}.Debug|Any CPU.Build.0 = Debug|Any CPU
		{75AAF965-31F2-4DF9-833F-93E4E424D119}.Release|Any CPU.ActiveCfg = Release|Any CPU
		{75AAF965-31F2-4DF9-833F-93E4E424D119}.Release|Any CPU.Build.0 = Release|Any CPU
		{088449BB-18B1-421C-A678-AEDEDB96AED1}.Debug|Any CPU.ActiveCfg = Debug|Any CPU
		{088449BB-18B1-421C-A678-AEDEDB96AED1}.Debug|Any CPU.Build.0 = Debug|Any CPU
		{088449BB-18B1-421C-A678-AEDEDB96AED1}.Release|Any CPU.ActiveCfg = Release|Any CPU
		{088449BB-18B1-421C-A678-AEDEDB96AED1}.Release|Any CPU.Build.0 = Release|Any CPU
		{4D34D279-C636-4B19-B615-22B243D947AB}.Debug|Any CPU.ActiveCfg = Debug|Any CPU
		{4D34D279-C636-4B19-B615-22B243D947AB}.Debug|Any CPU.Build.0 = Debug|Any CPU
		{4D34D279-C636-4B19-B615-22B243D947AB}.Release|Any CPU.ActiveCfg = Release|Any CPU
		{4D34D279-C636-4B19-B615-22B243D947AB}.Release|Any CPU.Build.0 = Release|Any CPU
		{0709C60B-6CA8-4601-B76C-CCB56960F05A}.Debug|Any CPU.ActiveCfg = Debug|Any CPU
		{0709C60B-6CA8-4601-B76C-CCB56960F05A}.Debug|Any CPU.Build.0 = Debug|Any CPU
		{0709C60B-6CA8-4601-B76C-CCB56960F05A}.Release|Any CPU.ActiveCfg = Release|Any CPU
		{0709C60B-6CA8-4601-B76C-CCB56960F05A}.Release|Any CPU.Build.0 = Release|Any CPU
		{06479FAD-4BB3-45C2-8FC5-4E1CA8ED016C}.Debug|Any CPU.ActiveCfg = Debug|Any CPU
		{06479FAD-4BB3-45C2-8FC5-4E1CA8ED016C}.Debug|Any CPU.Build.0 = Debug|Any CPU
		{06479FAD-4BB3-45C2-8FC5-4E1CA8ED016C}.Release|Any CPU.ActiveCfg = Release|Any CPU
		{06479FAD-4BB3-45C2-8FC5-4E1CA8ED016C}.Release|Any CPU.Build.0 = Release|Any CPU
	EndGlobalSection
	GlobalSection(SolutionProperties) = preSolution
		HideSolutionNode = FALSE
	EndGlobalSection
	GlobalSection(ExtensibilityGlobals) = postSolution
		SolutionGuid = {C96BC9CB-0266-409C-90C7-EB88A8A1203E}
	EndGlobalSection
EndGlobal
